<?xml version="1.0" encoding="utf-8"?>
<Project ToolsVersion="4.0" xmlns="http://schemas.microsoft.com/developer/msbuild/2003">
  <ItemGroup>
    <Filter Include="Source Files">
      <UniqueIdentifier>{4FC737F1-C7A5-4376-A066-2A32D752A2FF}</UniqueIdentifier>
      <Extensions>cpp;c;cc;cxx;c++;cppm;ixx;def;odl;idl;hpj;bat;asm;asmx</Extensions>
    </Filter>
    <Filter Include="Header Files">
      <UniqueIdentifier>{93995380-89BD-4b04-88EB-625FBE52EBFB}</UniqueIdentifier>
      <Extensions>h;hh;hpp;hxx;h++;hm;inl;inc;ipp;xsd</Extensions>
    </Filter>
    <Filter Include="Resource Files">
      <UniqueIdentifier>{67DA6AB6-F800-4c08-8B7A-83BB121AAD01}</UniqueIdentifier>
      <Extensions>rc;ico;cur;bmp;dlg;rc2;rct;bin;rgs;gif;jpg;jpeg;jpe;resx;tiff;tif;png;wav;mfcribbon-ms</Extensions>
    </Filter>
    <Filter Include="Source Files\Utils">
      <UniqueIdentifier>{0baf36d8-80bb-494b-8741-822cdb7430d0}</UniqueIdentifier>
    </Filter>
    <Filter Include="Header Files\Utils">
      <UniqueIdentifier>{d487113f-aae6-4f79-87e1-6a6debf00fe7}</UniqueIdentifier>
    </Filter>
    <Filter Include="Header Files\LoginRegister">
      <UniqueIdentifier>{a33fbb16-30e3-48d2-94f2-ff5198858ac1}</UniqueIdentifier>
    </Filter>
    <Filter Include="Source Files\LoginRegister">
      <UniqueIdentifier>{236d7d49-4162-4502-9b17-801770853ff2}</UniqueIdentifier>
    </Filter>
    <Filter Include="Header Files\Singletons">
      <UniqueIdentifier>{c8d6730f-7251-4283-a198-d5fd09a05bd1}</UniqueIdentifier>
    </Filter>
    <Filter Include="Source Files\Singletons">
      <UniqueIdentifier>{3754116b-5112-4a40-bbc7-251696083e2a}</UniqueIdentifier>
    </Filter>
    <Filter Include="Source Files\MatchMaking">
      <UniqueIdentifier>{69206987-5466-4e61-ad46-b2c34416d230}</UniqueIdentifier>
    </Filter>
    <Filter Include="Header Files\MatchMaking">
      <UniqueIdentifier>{f98abf85-aadc-47ae-8ea4-5670013e4e6d}</UniqueIdentifier>
    </Filter>
    <Filter Include="Source Files\VersionChecker">
      <UniqueIdentifier>{e0d3fc9d-1488-4e67-87af-66a028e6cccb}</UniqueIdentifier>
    </Filter>
    <Filter Include="Header Files\VersionChecker">
      <UniqueIdentifier>{2f035ac2-2a36-48c3-a8b5-fe2088d43681}</UniqueIdentifier>
    </Filter>
  </ItemGroup>
  <ItemGroup>
    <ClCompile Include="Main.cpp">
      <Filter>Resource Files</Filter>
    </ClCompile>
    <ClCompile Include="ServiceManager.cpp">
      <Filter>Source Files</Filter>
    </ClCompile>
    <ClCompile Include="bcrypt.cpp">
      <Filter>Source Files\Utils</Filter>
    </ClCompile>
    <ClCompile Include="blowfish.cpp">
      <Filter>Source Files\Utils</Filter>
    </ClCompile>
    <ClCompile Include="ClientLR.cpp">
      <Filter>Source Files\LoginRegister</Filter>
    </ClCompile>
    <ClCompile Include="LoginServer.cpp">
      <Filter>Source Files\LoginRegister</Filter>
    </ClCompile>
    <ClCompile Include="DatabaseManager.cpp">
      <Filter>Source Files\Singletons</Filter>
    </ClCompile>
    <ClCompile Include="MatchmakingServer.cpp">
      <Filter>Source Files\MatchMaking</Filter>
    </ClCompile>
    <ClCompile Include="VersionChecker.cpp">
      <Filter>Source Files\VersionChecker</Filter>
    </ClCompile>
    <ClCompile Include="PacketDispatcher.cpp">
      <Filter>Source Files</Filter>
    </ClCompile>
  </ItemGroup>
  <ItemGroup>
    <ClInclude Include="ServiceManager.h">
      <Filter>Header Files</Filter>
    </ClInclude>
    <ClInclude Include="bcrypt.h">
      <Filter>Header Files\Utils</Filter>
    </ClInclude>
    <ClInclude Include="node_blf.h">
      <Filter>Header Files\Utils</Filter>
    </ClInclude>
    <ClInclude Include="openbsd.h">
      <Filter>Header Files\Utils</Filter>
    </ClInclude>
    <ClInclude Include="ClientLR.h">
      <Filter>Header Files\LoginRegister</Filter>
    </ClInclude>
    <ClInclude Include="LoginServer.h">
      <Filter>Header Files\LoginRegister</Filter>
    </ClInclude>
    <ClInclude Include="DatabaseManager.h">
      <Filter>Header Files\Singletons</Filter>
    </ClInclude>
    <ClInclude Include="MatchmakingServer.h">
      <Filter>Header Files\MatchMaking</Filter>
    </ClInclude>
    <ClInclude Include="ConsoleUtils.h">
      <Filter>Header Files\Utils</Filter>
    </ClInclude>
    <ClInclude Include="VersionChecker.h">
      <Filter>Header Files\VersionChecker</Filter>
    </ClInclude>
    <ClInclude Include="Packet.hpp">
      <Filter>Header Files</Filter>
    </ClInclude>
    <ClInclude Include="NetworkDefs.h">
      <Filter>Header Files</Filter>
    </ClInclude>
    <ClInclude Include="Constants.h">
      <Filter>Header Files</Filter>
    </ClInclude>
    <ClInclude Include="PacketDispatcher.h">
      <Filter>Header Files</Filter>
    </ClInclude>
    <ClInclude Include="StartMatchData.h">
      <Filter>Header Files</Filter>
    </ClInclude>
  </ItemGroup>
</Project>